
Microsoft Visual Studio Solution File, Format Version 12.00
# Visual Studio 14
VisualStudioVersion = 14.0.25123.0
MinimumVisualStudioVersion = 10.0.40219.1
Project("{FAE04EC0-301F-11D3-BF4B-00C04F79EFBC}") = "TrafficControl.DAL.RestSharp", "TrafficControl.DAL.RestSharp.csproj", "{99424C50-F132-4DE5-A9B1-919CFEA3F26B}"
EndProject
Project("{FAE04EC0-301F-11D3-BF4B-00C04F79EFBC}") = "TrafficControl.DAL.RestSharp.Test", "..\TrafficControl.DAL.RestSharp.Test\TrafficControl.DAL.RestSharp.Test.csproj", "{2EFFD9A8-3BD2-4BEC-A980-CA17C6E26222}"
EndProject
Global
	GlobalSection(SolutionConfigurationPlatforms) = preSolution
		Debug|Any CPU = Debug|Any CPU
		Release|Any CPU = Release|Any CPU
	EndGlobalSection
	GlobalSection(ProjectConfigurationPlatforms) = postSolution
		{99424C50-F132-4DE5-A9B1-919CFEA3F26B}.Debug|Any CPU.ActiveCfg = Debug|Any CPU
		{99424C50-F132-4DE5-A9B1-919CFEA3F26B}.Debug|Any CPU.Build.0 = Debug|Any CPU
		{99424C50-F132-4DE5-A9B1-919CFEA3F26B}.Release|Any CPU.ActiveCfg = Release|Any CPU
		{99424C50-F132-4DE5-A9B1-919CFEA3F26B}.Release|Any CPU.Build.0 = Release|Any CPU
		{2EFFD9A8-3BD2-4BEC-A980-CA17C6E26222}.Debug|Any CPU.ActiveCfg = Debug|Any CPU
		{2EFFD9A8-3BD2-4BEC-A980-CA17C6E26222}.Debug|Any CPU.Build.0 = Debug|Any CPU
		{2EFFD9A8-3BD2-4BEC-A980-CA17C6E26222}.Release|Any CPU.ActiveCfg = Release|Any CPU
		{2EFFD9A8-3BD2-4BEC-A980-CA17C6E26222}.Release|Any CPU.Build.0 = Release|Any CPU
	EndGlobalSection
	GlobalSection(SolutionProperties) = preSolution
		HideSolutionNode = FALSE
	EndGlobalSection
EndGlobal
